// !$*UTF8*$!
{
	archiveVersion = 1;
	classes = {
	};
	objectVersion = 46;
	objects = {

/* Begin PBXBuildFile section */
		3E9006D41D8C4D6E00EE88B2 /* AppDelegate.swift in Sources */ = {isa = PBXBuildFile; fileRef = 3E9006D31D8C4D6E00EE88B2 /* AppDelegate.swift */; };
		3E9006D91D8C4D6E00EE88B2 /* Main.storyboard in Resources */ = {isa = PBXBuildFile; fileRef = 3E9006D71D8C4D6E00EE88B2 /* Main.storyboard */; };
		3E9006DC1D8C4D6E00EE88B2 /* Rails_API_Tester.xcdatamodeld in Sources */ = {isa = PBXBuildFile; fileRef = 3E9006DA1D8C4D6E00EE88B2 /* Rails_API_Tester.xcdatamodeld */; };
		3E9006DE1D8C4D6E00EE88B2 /* Assets.xcassets in Resources */ = {isa = PBXBuildFile; fileRef = 3E9006DD1D8C4D6E00EE88B2 /* Assets.xcassets */; };
		3E9006E11D8C4D6E00EE88B2 /* LaunchScreen.storyboard in Resources */ = {isa = PBXBuildFile; fileRef = 3E9006DF1D8C4D6E00EE88B2 /* LaunchScreen.storyboard */; };
		3EC9C0061D91AA8800700D89 /* TesterTableViewCell.swift in Sources */ = {isa = PBXBuildFile; fileRef = 3EC9C0051D91AA8800700D89 /* TesterTableViewCell.swift */; };
		3EC9C0081D91AAB600700D89 /* TesterTableViewController.swift in Sources */ = {isa = PBXBuildFile; fileRef = 3EC9C0071D91AAB600700D89 /* TesterTableViewController.swift */; };
		3EC9C00A1D91AADE00700D89 /* TesterViewController.swift in Sources */ = {isa = PBXBuildFile; fileRef = 3EC9C0091D91AADE00700D89 /* TesterViewController.swift */; };
		3EC9C00C1D92359000700D89 /* LoginViewController.swift in Sources */ = {isa = PBXBuildFile; fileRef = 3EC9C00B1D92359000700D89 /* LoginViewController.swift */; };
		3EC9C00E1D924F8200700D89 /* SignupViewController.swift in Sources */ = {isa = PBXBuildFile; fileRef = 3EC9C00D1D924F8200700D89 /* SignupViewController.swift */; };
/* End PBXBuildFile section */

/* Begin PBXFileReference section */
		3E9006D01D8C4D6E00EE88B2 /* Rails API Tester.app */ = {isa = PBXFileReference; explicitFileType = wrapper.application; includeInIndex = 0; path = "Rails API Tester.app"; sourceTree = BUILT_PRODUCTS_DIR; };
		3E9006D31D8C4D6E00EE88B2 /* AppDelegate.swift */ = {isa = PBXFileReference; lastKnownFileType = sourcecode.swift; path = AppDelegate.swift; sourceTree = "<group>"; };
		3E9006D81D8C4D6E00EE88B2 /* Base */ = {isa = PBXFileReference; lastKnownFileType = file.storyboard; name = Base; path = Base.lproj/Main.storyboard; sourceTree = "<group>"; };
		3E9006DB1D8C4D6E00EE88B2 /* Rails_API_Tester.xcdatamodel */ = {isa = PBXFileReference; lastKnownFileType = wrapper.xcdatamodel; path = Rails_API_Tester.xcdatamodel; sourceTree = "<group>"; };
		3E9006DD1D8C4D6E00EE88B2 /* Assets.xcassets */ = {isa = PBXFileReference; lastKnownFileType = folder.assetcatalog; path = Assets.xcassets; sourceTree = "<group>"; };
		3E9006E01D8C4D6E00EE88B2 /* Base */ = {isa = PBXFileReference; lastKnownFileType = file.storyboard; name = Base; path = Base.lproj/LaunchScreen.storyboard; sourceTree = "<group>"; };
		3E9006E21D8C4D6E00EE88B2 /* Info.plist */ = {isa = PBXFileReference; lastKnownFileType = text.plist.xml; path = Info.plist; sourceTree = "<group>"; };
		3EC9C0051D91AA8800700D89 /* TesterTableViewCell.swift */ = {isa = PBXFileReference; fileEncoding = 4; lastKnownFileType = sourcecode.swift; path = TesterTableViewCell.swift; sourceTree = "<group>"; };
		3EC9C0071D91AAB600700D89 /* TesterTableViewController.swift */ = {isa = PBXFileReference; fileEncoding = 4; lastKnownFileType = sourcecode.swift; path = TesterTableViewController.swift; sourceTree = "<group>"; };
		3EC9C0091D91AADE00700D89 /* TesterViewController.swift */ = {isa = PBXFileReference; fileEncoding = 4; lastKnownFileType = sourcecode.swift; path = TesterViewController.swift; sourceTree = "<group>"; };
		3EC9C00B1D92359000700D89 /* LoginViewController.swift */ = {isa = PBXFileReference; fileEncoding = 4; lastKnownFileType = sourcecode.swift; path = LoginViewController.swift; sourceTree = "<group>"; };
		3EC9C00D1D924F8200700D89 /* SignupViewController.swift */ = {isa = PBXFileReference; fileEncoding = 4; lastKnownFileType = sourcecode.swift; path = SignupViewController.swift; sourceTree = "<group>"; };
/* End PBXFileReference section */

/* Begin PBXFrameworksBuildPhase section */
		3E9006CD1D8C4D6E00EE88B2 /* Frameworks */ = {
			isa = PBXFrameworksBuildPhase;
			buildActionMask = 2147483647;
			files = (
			);
			runOnlyForDeploymentPostprocessing = 0;
		};
/* End PBXFrameworksBuildPhase section */

/* Begin PBXGroup section */
		3E9006C71D8C4D6E00EE88B2 = {
			isa = PBXGroup;
			children = (
				3E9006D21D8C4D6E00EE88B2 /* Rails API Tester */,
				3E9006D11D8C4D6E00EE88B2 /* Products */,
			);
			sourceTree = "<group>";
		};
		3E9006D11D8C4D6E00EE88B2 /* Products */ = {
			isa = PBXGroup;
			children = (
				3E9006D01D8C4D6E00EE88B2 /* Rails API Tester.app */,
			);
			name = Products;
			sourceTree = "<group>";
		};
		3E9006D21D8C4D6E00EE88B2 /* Rails API Tester */ = {
			isa = PBXGroup;
			children = (
				3E9006D31D8C4D6E00EE88B2 /* AppDelegate.swift */,
				3E9006D71D8C4D6E00EE88B2 /* Main.storyboard */,
				3EC9C00D1D924F8200700D89 /* SignupViewController.swift */,
				3EC9C00B1D92359000700D89 /* LoginViewController.swift */,
				3EC9C0091D91AADE00700D89 /* TesterViewController.swift */,
				3EC9C0071D91AAB600700D89 /* TesterTableViewController.swift */,
				3EC9C0051D91AA8800700D89 /* TesterTableViewCell.swift */,
				3E9006DD1D8C4D6E00EE88B2 /* Assets.xcassets */,
				3E9006DF1D8C4D6E00EE88B2 /* LaunchScreen.storyboard */,
				3E9006E21D8C4D6E00EE88B2 /* Info.plist */,
				3E9006DA1D8C4D6E00EE88B2 /* Rails_API_Tester.xcdatamodeld */,
			);
			path = "Rails API Tester";
			sourceTree = "<group>";
		};
/* End PBXGroup section */

/* Begin PBXNativeTarget section */
		3E9006CF1D8C4D6E00EE88B2 /* Rails API Tester */ = {
			isa = PBXNativeTarget;
			buildConfigurationList = 3E9006E51D8C4D6E00EE88B2 /* Build configuration list for PBXNativeTarget "Rails API Tester" */;
			buildPhases = (
				3E9006CC1D8C4D6E00EE88B2 /* Sources */,
				3E9006CD1D8C4D6E00EE88B2 /* Frameworks */,
				3E9006CE1D8C4D6E00EE88B2 /* Resources */,
			);
			buildRules = (
			);
			dependencies = (
			);
			name = "Rails API Tester";
			productName = "Rails API Tester";
			productReference = 3E9006D01D8C4D6E00EE88B2 /* Rails API Tester.app */;
			productType = "com.apple.product-type.application";
		};
/* End PBXNativeTarget section */

/* Begin PBXProject section */
		3E9006C81D8C4D6E00EE88B2 /* Project object */ = {
			isa = PBXProject;
			attributes = {
				LastSwiftUpdateCheck = 0800;
				LastUpgradeCheck = 0800;
				ORGANIZATIONNAME = "George Gogarten";
				TargetAttributes = {
					3E9006CF1D8C4D6E00EE88B2 = {
						CreatedOnToolsVersion = 8.0;
						DevelopmentTeam = C8G9U4K76Y;
						ProvisioningStyle = Automatic;
					};
				};
			};
			buildConfigurationList = 3E9006CB1D8C4D6E00EE88B2 /* Build configuration list for PBXProject "Rails API Tester" */;
			compatibilityVersion = "Xcode 3.2";
			developmentRegion = English;
			hasScannedForEncodings = 0;
			knownRegions = (
				en,
				Base,
			);
			mainGroup = 3E9006C71D8C4D6E00EE88B2;
			productRefGroup = 3E9006D11D8C4D6E00EE88B2 /* Products */;
			projectDirPath = "";
			projectRoot = "";
			targets = (
				3E9006CF1D8C4D6E00EE88B2 /* Rails API Tester */,
			);
		};
/* End PBXProject section */

/* Begin PBXResourcesBuildPhase section */
		3E9006CE1D8C4D6E00EE88B2 /* Resources */ = {
			isa = PBXResourcesBuildPhase;
			buildActionMask = 2147483647;
			files = (
				3E9006E11D8C4D6E00EE88B2 /* LaunchScreen.storyboard in Resources */,
				3E9006DE1D8C4D6E00EE88B2 /* Assets.xcassets in Resources */,
				3E9006D91D8C4D6E00EE88B2 /* Main.storyboard in Resources */,
			);
			runOnlyForDeploymentPostprocessing = 0;
		};
/* End PBXResourcesBuildPhase section */

/* Begin PBXSourcesBuildPhase section */
		3E9006CC1D8C4D6E00EE88B2 /* Sources */ = {
			isa = PBXSourcesBuildPhase;
			buildActionMask = 2147483647;
			files = (
				3EC9C00C1D92359000700D89 /* LoginViewController.swift in Sources */,
				3E9006DC1D8C4D6E00EE88B2 /* Rails_API_Tester.xcdatamodeld in Sources */,
				3EC9C00E1D924F8200700D89 /* SignupViewController.swift in Sources */,
				3EC9C0061D91AA8800700D89 /* TesterTableViewCell.swift in Sources */,
				3E9006D41D8C4D6E00EE88B2 /* AppDelegate.swift in Sources */,
				3EC9C0081D91AAB600700D89 /* TesterTableViewController.swift in Sources */,
				3EC9C00A1D91AADE00700D89 /* TesterViewController.swift in Sources */,
			);
			runOnlyForDeploymentPostprocessing = 0;
		};
/* End PBXSourcesBuildPhase section */

/* Begin PBXVariantGroup section */
		3E9006D71D8C4D6E00EE88B2 /* Main.storyboard */ = {
			isa = PBXVariantGroup;
			children = (
				3E9006D81D8C4D6E00EE88B2 /* Base */,
			);
			name = Main.storyboard;
			sourceTree = "<group>";
		};
		3E9006DF1D8C4D6E00EE88B2 /* LaunchScreen.storyboard */ = {
			isa = PBXVariantGroup;
			children = (
				3E9006E01D8C4D6E00EE88B2 /* Base */,
			);
			name = LaunchScreen.storyboard;
			sourceTree = "<group>";
		};
/* End PBXVariantGroup section */

/* Begin XCBuildConfiguration section */
		3E9006E31D8C4D6E00EE88B2 /* Debug */ = {
			isa = XCBuildConfiguration;
			buildSettings = {
				ALWAYS_SEARCH_USER_PATHS = NO;
				CLANG_ANALYZER_NONNULL = YES;
				CLANG_CXX_LANGUAGE_STANDARD = "gnu++0x";
				CLANG_CXX_LIBRARY = "libc++";
				CLANG_ENABLE_MODULES = YES;
				CLANG_ENABLE_OBJC_ARC = YES;
				CLANG_WARN_BOOL_CONVERSION = YES;
				CLANG_WARN_CONSTANT_CONVERSION = YES;
				CLANG_WARN_DIRECT_OBJC_ISA_USAGE = YES_ERROR;
				CLANG_WARN_DOCUMENTATION_COMMENTS = YES;
				CLANG_WARN_EMPTY_BODY = YES;
				CLANG_WARN_ENUM_CONVERSION = YES;
				CLANG_WARN_INFINITE_RECURSION = YES;
				CLANG_WARN_INT_CONVERSION = YES;
				CLANG_WARN_OBJC_ROOT_CLASS = YES_ERROR;
				CLANG_WARN_SUSPICIOUS_MOVES = YES;
				CLANG_WARN_UNREACHABLE_CODE = YES;
				CLANG_WARN__DUPLICATE_METHOD_MATCH = YES;
				"CODE_SIGN_IDENTITY[sdk=iphoneos*]" = "iPhone Developer";
				COPY_PHASE_STRIP = NO;
				DEBUG_INFORMATION_FORMAT = dwarf;
				ENABLE_STRICT_OBJC_MSGSEND = YES;
				ENABLE_TESTABILITY = YES;
				GCC_C_LANGUAGE_STANDARD = gnu99;
				GCC_DYNAMIC_NO_PIC = NO;
				GCC_NO_COMMON_BLOCKS = YES;
				GCC_OPTIMIZATION_LEVEL = 0;
				GCC_PREPROCESSOR_DEFINITIONS = (
					"DEBUG=1",
					"$(inherited)",
				);
				GCC_WARN_64_TO_32_BIT_CONVERSION = YES;
				GCC_WARN_ABOUT_RETURN_TYPE = YES_ERROR;
				GCC_WARN_UNDECLARED_SELECTOR = YES;
				GCC_WARN_UNINITIALIZED_AUTOS = YES_AGGRESSIVE;
				GCC_WARN_UNUSED_FUNCTION = YES;
				GCC_WARN_UNUSED_VARIABLE = YES;
				IPHONEOS_DEPLOYMENT_TARGET = 10.0;
				MTL_ENABLE_DEBUG_INFO = YES;
				ONLY_ACTIVE_ARCH = YES;
				SDKROOT = iphoneos;
				SWIFT_ACTIVE_COMPILATION_CONDITIONS = DEBUG;
				SWIFT_OPTIMIZATION_LEVEL = "-Onone";
				TARGETED_DEVICE_FAMILY = "1,2";
			};
			name = Debug;
		};
		3E9006E41D8C4D6E00EE88B2 /* Release */ = {
			isa = XCBuildConfiguration;
			buildSettings = {
				ALWAYS_SEARCH_USER_PATHS = NO;
				CLANG_ANALYZER_NONNULL = YES;
				CLANG_CXX_LANGUAGE_STANDARD = "gnu++0x";
				CLANG_CXX_LIBRARY = "libc++";
				CLANG_ENABLE_MODULES = YES;
				CLANG_ENABLE_OBJC_ARC = YES;
				CLANG_WARN_BOOL_CONVERSION = YES;
				CLANG_WARN_CONSTANT_CONVERSION = YES;
				CLANG_WARN_DIRECT_OBJC_ISA_USAGE = YES_ERROR;
				CLANG_WARN_DOCUMENTATION_COMMENTS = YES;
				CLANG_WARN_EMPTY_BODY = YES;
				CLANG_WARN_ENUM_CONVERSION = YES;
				CLANG_WARN_INFINITE_RECURSION = YES;
				CLANG_WARN_INT_CONVERSION = YES;
				CLANG_WARN_OBJC_ROOT_CLASS = YES_ERROR;
				CLANG_WARN_SUSPICIOUS_MOVES = YES;
				CLANG_WARN_UNREACHABLE_CODE = YES;
				CLANG_WARN__DUPLICATE_METHOD_MATCH = YES;
				"CODE_SIGN_IDENTITY[sdk=iphoneos*]" = "iPhone Developer";
				COPY_PHASE_STRIP = NO;
				DEBUG_INFORMATION_FORMAT = "dwarf-with-dsym";
				ENABLE_NS_ASSERTIONS = NO;
				ENABLE_STRICT_OBJC_MSGSEND = YES;
				GCC_C_LANGUAGE_STANDARD = gnu99;
				GCC_NO_COMMON_BLOCKS = YES;
				GCC_WARN_64_TO_32_BIT_CONVERSION = YES;
				GCC_WARN_ABOUT_RETURN_TYPE = YES_ERROR;
				GCC_WARN_UNDECLARED_SELECTOR = YES;
				GCC_WARN_UNINITIALIZED_AUTOS = YES_AGGRESSIVE;
				GCC_WARN_UNUSED_FUNCTION = YES;
				GCC_WARN_UNUSED_VARIABLE = YES;
				IPHONEOS_DEPLOYMENT_TARGET = 10.0;
				MTL_ENABLE_DEBUG_INFO = NO;
				SDKROOT = iphoneos;
				SWIFT_OPTIMIZATION_LEVEL = "-Owholemodule";
				TARGETED_DEVICE_FAMILY = "1,2";
				VALIDATE_PRODUCT = YES;
			};
			name = Release;
		};
		3E9006E61D8C4D6E00EE88B2 /* Debug */ = {
			isa = XCBuildConfiguration;
			buildSettings = {
				ASSETCATALOG_COMPILER_APPICON_NAME = AppIcon;
				DEVELOPMENT_TEAM = C8G9U4K76Y;
				INFOPLIST_FILE = "Rails API Tester/Info.plist";
				LD_RUNPATH_SEARCH_PATHS = "$(inherited) @executable_path/Frameworks";
				PRODUCT_BUNDLE_IDENTIFIER = "com.gogarten.Rails-API-Tester";
				PRODUCT_NAME = "$(TARGET_NAME)";
				SWIFT_VERSION = 3.0;
			};
			name = Debug;
		};
		3E9006E71D8C4D6E00EE88B2 /* Release */ = {
			isa = XCBuildConfiguration;
			buildSettings = {
				ASSETCATALOG_COMPILER_APPICON_NAME = AppIcon;
				DEVELOPMENT_TEAM = C8G9U4K76Y;
				INFOPLIST_FILE = "Rails API Tester/Info.plist";
				LD_RUNPATH_SEARCH_PATHS = "$(inherited) @executable_path/Frameworks";
				PRODUCT_BUNDLE_IDENTIFIER = "com.gogarten.Rails-API-Tester";
				PRODUCT_NAME = "$(TARGET_NAME)";
				SWIFT_VERSION = 3.0;
			};
			name = Release;
		};
/* End XCBuildConfiguration section */

/* Begin XCConfigurationList section */
		3E9006CB1D8C4D6E00EE88B2 /* Build configuration list for PBXProject "Rails API Tester" */ = {
			isa = XCConfigurationList;
			buildConfigurations = (
				3E9006E31D8C4D6E00EE88B2 /* Debug */,
				3E9006E41D8C4D6E00EE88B2 /* Release */,
			);
			defaultConfigurationIsVisible = 0;
			defaultConfigurationName = Release;
		};
		3E9006E51D8C4D6E00EE88B2 /* Build configuration list for PBXNativeTarget "Rails API Tester" */ = {
			isa = XCConfigurationList;
			buildConfigurations = (
				3E9006E61D8C4D6E00EE88B2 /* Debug */,
				3E9006E71D8C4D6E00EE88B2 /* Release */,
			);
			defaultConfigurationIsVisible = 0;
			defaultConfigurationName = Release;
		};
/* End XCConfigurationList section */

/* Begin XCVersionGroup section */
		3E9006DA1D8C4D6E00EE88B2 /* Rails_API_Tester.xcdatamodeld */ = {
			isa = XCVersionGroup;
			children = (
				3E9006DB1D8C4D6E00EE88B2 /* Rails_API_Tester.xcdatamodel */,
			);
			currentVersion = 3E9006DB1D8C4D6E00EE88B2 /* Rails_API_Tester.xcdatamodel */;
			path = Rails_API_Tester.xcdatamodeld;
			sourceTree = "<group>";
			versionGroupType = wrapper.xcdatamodel;
		};
/* End XCVersionGroup section */
	};
	rootObject = 3E9006C81D8C4D6E00EE88B2 /* Project object */;
}
